// !$*UTF8*$!
{
	archiveVersion = 1;
	classes = {
	};
	objectVersion = 50;
	objects = {

/* Begin PBXBuildFile section */
		A3E772C9215AB5660019AB6D /* ViewController.swift in Sources */ = {isa = PBXBuildFile; fileRef = A3C1D2012146F67C00BEC14A /* ViewController.swift */; };
		A3E772CA215AB5660019AB6D /* SadVC.swift in Sources */ = {isa = PBXBuildFile; fileRef = A3A02DB52154277C00090680 /* SadVC.swift */; };
		A3E772CB215AB5660019AB6D /* HappyVC.swift in Sources */ = {isa = PBXBuildFile; fileRef = A3E772AE21554E070019AB6D /* HappyVC.swift */; };
		A3E772CC215AB5660019AB6D /* UIView+Autolayout.swift in Sources */ = {isa = PBXBuildFile; fileRef = A3C1D2112146FB6600BEC14A /* UIView+Autolayout.swift */; };
		A3E772CD215AB5660019AB6D /* AppDelegate.swift in Sources */ = {isa = PBXBuildFile; fileRef = A3C1D1FF2146F67C00BEC14A /* AppDelegate.swift */; };
		A3E772D1215AB5660019AB6D /* LaunchScreen.storyboard in Resources */ = {isa = PBXBuildFile; fileRef = A3C1D2082146F67E00BEC14A /* LaunchScreen.storyboard */; };
		A3E772D2215AB5660019AB6D /* Hero.otf in Resources */ = {isa = PBXBuildFile; fileRef = A3B5FA152152BFF500E3DDCA /* Hero.otf */; };
		A3E772D3215AB5660019AB6D /* GoogleService-Info.plist in Resources */ = {isa = PBXBuildFile; fileRef = A3CE290C2149D2B10060260F /* GoogleService-Info.plist */; };
		A3E772D4215AB5660019AB6D /* Assets.xcassets in Resources */ = {isa = PBXBuildFile; fileRef = A3C1D2062146F67E00BEC14A /* Assets.xcassets */; };
		A3E772D5215AB5660019AB6D /* Main.storyboard in Resources */ = {isa = PBXBuildFile; fileRef = A3C1D2032146F67C00BEC14A /* Main.storyboard */; };
		A3F3227A2162DAEA00407DD0 /* StringExtension.swift in Sources */ = {isa = PBXBuildFile; fileRef = A3F322792162DAEA00407DD0 /* StringExtension.swift */; };
		A3F322A42163ECDE00407DD0 /* TimeIntervalExtension.swift in Sources */ = {isa = PBXBuildFile; fileRef = A3F322A32163ECDE00407DD0 /* TimeIntervalExtension.swift */; };
		A3F322A621668C9900407DD0 /* IBMPlexMono-Light.ttf in Resources */ = {isa = PBXBuildFile; fileRef = A3F322A521668C9900407DD0 /* IBMPlexMono-Light.ttf */; };
		A3F322A721668DA600407DD0 /* 8:88 copy-Info.plist in Resources */ = {isa = PBXBuildFile; fileRef = A3E772DB215AB5660019AB6D /* 8:88 copy-Info.plist */; };
		A3F322A921668E0E00407DD0 /* IBMPlexMono-Medium.ttf in Resources */ = {isa = PBXBuildFile; fileRef = A3F322A821668E0E00407DD0 /* IBMPlexMono-Medium.ttf */; };
		A3F322B12167C4F400407DD0 /* Localizable.strings in Resources */ = {isa = PBXBuildFile; fileRef = A3F322AF2167C4F400407DD0 /* Localizable.strings */; };
		F9A584108891DFC6507B557C /* Pods_8_88.framework in Frameworks */ = {isa = PBXBuildFile; fileRef = 2DAC4E40FC7BF716B99587AF /* Pods_8_88.framework */; };
/* End PBXBuildFile section */

/* Begin PBXFileReference section */
		2DAC4E40FC7BF716B99587AF /* Pods_8_88.framework */ = {isa = PBXFileReference; explicitFileType = wrapper.framework; includeInIndex = 0; path = Pods_8_88.framework; sourceTree = BUILT_PRODUCTS_DIR; };
		41431887E49C8DE7E1F6E6E7 /* Pods-8:88.debug.xcconfig */ = {isa = PBXFileReference; includeInIndex = 1; lastKnownFileType = text.xcconfig; name = "Pods-8:88.debug.xcconfig"; path = "Pods/Target Support Files/Pods-8:88/Pods-8:88.debug.xcconfig"; sourceTree = "<group>"; };
		A3A02DB52154277C00090680 /* SadVC.swift */ = {isa = PBXFileReference; lastKnownFileType = sourcecode.swift; path = SadVC.swift; sourceTree = "<group>"; };
		A3B5FA152152BFF500E3DDCA /* Hero.otf */ = {isa = PBXFileReference; lastKnownFileType = file; path = Hero.otf; sourceTree = "<group>"; };
		A3C1D1FF2146F67C00BEC14A /* AppDelegate.swift */ = {isa = PBXFileReference; lastKnownFileType = sourcecode.swift; path = AppDelegate.swift; sourceTree = "<group>"; };
		A3C1D2012146F67C00BEC14A /* ViewController.swift */ = {isa = PBXFileReference; lastKnownFileType = sourcecode.swift; path = ViewController.swift; sourceTree = "<group>"; };
		A3C1D2042146F67C00BEC14A /* Base */ = {isa = PBXFileReference; lastKnownFileType = file.storyboard; name = Base; path = Base.lproj/Main.storyboard; sourceTree = "<group>"; };
		A3C1D2062146F67E00BEC14A /* Assets.xcassets */ = {isa = PBXFileReference; lastKnownFileType = folder.assetcatalog; path = Assets.xcassets; sourceTree = "<group>"; };
		A3C1D2092146F67E00BEC14A /* Base */ = {isa = PBXFileReference; lastKnownFileType = file.storyboard; name = Base; path = Base.lproj/LaunchScreen.storyboard; sourceTree = "<group>"; };
		A3C1D20B2146F67E00BEC14A /* Info.plist */ = {isa = PBXFileReference; lastKnownFileType = text.plist.xml; path = Info.plist; sourceTree = "<group>"; };
		A3C1D2112146FB6600BEC14A /* UIView+Autolayout.swift */ = {isa = PBXFileReference; fileEncoding = 4; lastKnownFileType = sourcecode.swift; path = "UIView+Autolayout.swift"; sourceTree = "<group>"; };
		A3CE290C2149D2B10060260F /* GoogleService-Info.plist */ = {isa = PBXFileReference; fileEncoding = 4; lastKnownFileType = text.plist.xml; path = "GoogleService-Info.plist"; sourceTree = "<group>"; };
		A3E772AE21554E070019AB6D /* HappyVC.swift */ = {isa = PBXFileReference; fileEncoding = 4; lastKnownFileType = sourcecode.swift; path = HappyVC.swift; sourceTree = "<group>"; };
		A3E772DA215AB5660019AB6D /* 8:88.app */ = {isa = PBXFileReference; explicitFileType = wrapper.application; includeInIndex = 0; path = "8:88.app"; sourceTree = BUILT_PRODUCTS_DIR; };
		A3E772DB215AB5660019AB6D /* 8:88 copy-Info.plist */ = {isa = PBXFileReference; lastKnownFileType = text.plist.xml; name = "8:88 copy-Info.plist"; path = "/Users/javierroberto/Proyectos/iOS/clock888/8:88 copy-Info.plist"; sourceTree = "<absolute>"; };
		A3F322792162DAEA00407DD0 /* StringExtension.swift */ = {isa = PBXFileReference; lastKnownFileType = sourcecode.swift; path = StringExtension.swift; sourceTree = "<group>"; };
		A3F322A32163ECDE00407DD0 /* TimeIntervalExtension.swift */ = {isa = PBXFileReference; lastKnownFileType = sourcecode.swift; path = TimeIntervalExtension.swift; sourceTree = "<group>"; };
		A3F322A521668C9900407DD0 /* IBMPlexMono-Light.ttf */ = {isa = PBXFileReference; lastKnownFileType = file; path = "IBMPlexMono-Light.ttf"; sourceTree = "<group>"; };
		A3F322A821668E0E00407DD0 /* IBMPlexMono-Medium.ttf */ = {isa = PBXFileReference; lastKnownFileType = file; path = "IBMPlexMono-Medium.ttf"; sourceTree = "<group>"; };
		A3F322B02167C4F400407DD0 /* Base */ = {isa = PBXFileReference; lastKnownFileType = text.plist.strings; name = Base; path = clock888/Base.lproj/Localizable.strings; sourceTree = "<group>"; };
		A3F322B22167C50D00407DD0 /* es */ = {isa = PBXFileReference; lastKnownFileType = text.plist.strings; name = es; path = es.lproj/Main.strings; sourceTree = "<group>"; };
		A3F322B32167C50D00407DD0 /* es */ = {isa = PBXFileReference; lastKnownFileType = text.plist.strings; name = es; path = es.lproj/LaunchScreen.strings; sourceTree = "<group>"; };
		A3F322B62167D52600407DD0 /* en */ = {isa = PBXFileReference; lastKnownFileType = text.plist.strings; name = en; path = clock888/en.lproj/Localizable.strings; sourceTree = "<group>"; };
		A3F322B72167D52E00407DD0 /* es */ = {isa = PBXFileReference; lastKnownFileType = text.plist.strings; name = es; path = clock888/es.lproj/Localizable.strings; sourceTree = "<group>"; };
		A3F322B82168BE9400407DD0 /* de */ = {isa = PBXFileReference; lastKnownFileType = text.plist.strings; name = de; path = clock888/de.lproj/Localizable.strings; sourceTree = "<group>"; };
		A3F322B92168BEEE00407DD0 /* zh-Hant */ = {isa = PBXFileReference; lastKnownFileType = text.plist.strings; name = "zh-Hant"; path = "clock888/zh-Hant.lproj/Localizable.strings"; sourceTree = "<group>"; };
		A3F322BA2168BFBC00407DD0 /* fr */ = {isa = PBXFileReference; lastKnownFileType = text.plist.strings; name = fr; path = clock888/fr.lproj/Localizable.strings; sourceTree = "<group>"; };
		A3F322BB2168BFE700407DD0 /* ru */ = {isa = PBXFileReference; lastKnownFileType = text.plist.strings; name = ru; path = clock888/ru.lproj/Localizable.strings; sourceTree = "<group>"; };
		B51410BFD007C4BA7F55AE5D /* Pods-8:88.release.xcconfig */ = {isa = PBXFileReference; includeInIndex = 1; lastKnownFileType = text.xcconfig; name = "Pods-8:88.release.xcconfig"; path = "Pods/Target Support Files/Pods-8:88/Pods-8:88.release.xcconfig"; sourceTree = "<group>"; };
/* End PBXFileReference section */

/* Begin PBXFrameworksBuildPhase section */
		A3E772CE215AB5660019AB6D /* Frameworks */ = {
			isa = PBXFrameworksBuildPhase;
			buildActionMask = 2147483647;
			files = (
				F9A584108891DFC6507B557C /* Pods_8_88.framework in Frameworks */,
			);
			runOnlyForDeploymentPostprocessing = 0;
		};
/* End PBXFrameworksBuildPhase section */

/* Begin PBXGroup section */
		64B99AE7FEFA5ECC7B05B232 /* Frameworks */ = {
			isa = PBXGroup;
			children = (
				2DAC4E40FC7BF716B99587AF /* Pods_8_88.framework */,
			);
			name = Frameworks;
			sourceTree = "<group>";
		};
		91CD21AC948317057799A9A6 /* Pods */ = {
			isa = PBXGroup;
			children = (
				41431887E49C8DE7E1F6E6E7 /* Pods-8:88.debug.xcconfig */,
				B51410BFD007C4BA7F55AE5D /* Pods-8:88.release.xcconfig */,
			);
			name = Pods;
			sourceTree = "<group>";
		};
		A33112EE215067E7001797C3 /* Resources */ = {
			isa = PBXGroup;
			children = (
				A3F322A821668E0E00407DD0 /* IBMPlexMono-Medium.ttf */,
				A3B5FA152152BFF500E3DDCA /* Hero.otf */,
				A3F322A521668C9900407DD0 /* IBMPlexMono-Light.ttf */,
			);
			path = Resources;
			sourceTree = "<group>";
		};
		A3C1D1F32146F67B00BEC14A = {
			isa = PBXGroup;
			children = (
				A3F322AF2167C4F400407DD0 /* Localizable.strings */,
				A3C1D1FE2146F67C00BEC14A /* clock888 */,
				A3C1D1FD2146F67C00BEC14A /* Products */,
				91CD21AC948317057799A9A6 /* Pods */,
				64B99AE7FEFA5ECC7B05B232 /* Frameworks */,
				A3E772DB215AB5660019AB6D /* 8:88 copy-Info.plist */,
			);
			sourceTree = "<group>";
		};
		A3C1D1FD2146F67C00BEC14A /* Products */ = {
			isa = PBXGroup;
			children = (
				A3E772DA215AB5660019AB6D /* 8:88.app */,
			);
			name = Products;
			sourceTree = "<group>";
		};
		A3C1D1FE2146F67C00BEC14A /* clock888 */ = {
			isa = PBXGroup;
			children = (
				A3C1D1FF2146F67C00BEC14A /* AppDelegate.swift */,
				A33112EE215067E7001797C3 /* Resources */,
				A3C1D2012146F67C00BEC14A /* ViewController.swift */,
				A3A02DB52154277C00090680 /* SadVC.swift */,
				A3E772AE21554E070019AB6D /* HappyVC.swift */,
				A3C1D2112146FB6600BEC14A /* UIView+Autolayout.swift */,
				A3F322792162DAEA00407DD0 /* StringExtension.swift */,
				A3F322A32163ECDE00407DD0 /* TimeIntervalExtension.swift */,
				A3C1D2032146F67C00BEC14A /* Main.storyboard */,
				A3C1D2062146F67E00BEC14A /* Assets.xcassets */,
				A3C1D2082146F67E00BEC14A /* LaunchScreen.storyboard */,
				A3C1D20B2146F67E00BEC14A /* Info.plist */,
				A3CE290C2149D2B10060260F /* GoogleService-Info.plist */,
			);
			path = clock888;
			sourceTree = "<group>";
		};
/* End PBXGroup section */

/* Begin PBXNativeTarget section */
		A3E772C6215AB5660019AB6D /* 8:88 */ = {
			isa = PBXNativeTarget;
			buildConfigurationList = A3E772D7215AB5660019AB6D /* Build configuration list for PBXNativeTarget "8:88" */;
			buildPhases = (
				A3E772C7215AB5660019AB6D /* [CP] Check Pods Manifest.lock */,
				A3E772C8215AB5660019AB6D /* Sources */,
				A3E772CE215AB5660019AB6D /* Frameworks */,
				A3E772D0215AB5660019AB6D /* Resources */,
				A3E772D6215AB5660019AB6D /* [CP] Embed Pods Frameworks */,
			);
			buildRules = (
			);
			dependencies = (
			);
			name = "8:88";
			productName = clock888;
			productReference = A3E772DA215AB5660019AB6D /* 8:88.app */;
			productType = "com.apple.product-type.application";
		};
/* End PBXNativeTarget section */

/* Begin PBXProject section */
		A3C1D1F42146F67B00BEC14A /* Project object */ = {
			isa = PBXProject;
			attributes = {
				LastSwiftUpdateCheck = 1000;
				LastUpgradeCheck = 1000;
				ORGANIZATIONNAME = funtastic;
			};
			buildConfigurationList = A3C1D1F72146F67B00BEC14A /* Build configuration list for PBXProject "clock888" */;
			compatibilityVersion = "Xcode 9.3";
			developmentRegion = en;
			hasScannedForEncodings = 0;
			knownRegions = (
				en,
				Base,
				es,
				de,
				"zh-Hant",
				fr,
				ru,
			);
			mainGroup = A3C1D1F32146F67B00BEC14A;
			productRefGroup = A3C1D1FD2146F67C00BEC14A /* Products */;
			projectDirPath = "";
			projectRoot = "";
			targets = (
				A3E772C6215AB5660019AB6D /* 8:88 */,
			);
		};
/* End PBXProject section */

/* Begin PBXResourcesBuildPhase section */
		A3E772D0215AB5660019AB6D /* Resources */ = {
			isa = PBXResourcesBuildPhase;
			buildActionMask = 2147483647;
			files = (
				A3E772D1215AB5660019AB6D /* LaunchScreen.storyboard in Resources */,
				A3E772D2215AB5660019AB6D /* Hero.otf in Resources */,
				A3F322A921668E0E00407DD0 /* IBMPlexMono-Medium.ttf in Resources */,
				A3F322A621668C9900407DD0 /* IBMPlexMono-Light.ttf in Resources */,
				A3F322B12167C4F400407DD0 /* Localizable.strings in Resources */,
				A3E772D3215AB5660019AB6D /* GoogleService-Info.plist in Resources */,
				A3F322A721668DA600407DD0 /* 8:88 copy-Info.plist in Resources */,
				A3E772D4215AB5660019AB6D /* Assets.xcassets in Resources */,
				A3E772D5215AB5660019AB6D /* Main.storyboard in Resources */,
			);
			runOnlyForDeploymentPostprocessing = 0;
		};
/* End PBXResourcesBuildPhase section */

/* Begin PBXShellScriptBuildPhase section */
		A3E772C7215AB5660019AB6D /* [CP] Check Pods Manifest.lock */ = {
			isa = PBXShellScriptBuildPhase;
			buildActionMask = 2147483647;
			files = (
			);
			inputPaths = (
				"${PODS_PODFILE_DIR_PATH}/Podfile.lock",
				"${PODS_ROOT}/Manifest.lock",
			);
			name = "[CP] Check Pods Manifest.lock";
			outputPaths = (
				"$(DERIVED_FILE_DIR)/Pods-8:88-checkManifestLockResult.txt",
			);
			runOnlyForDeploymentPostprocessing = 0;
			shellPath = /bin/sh;
			shellScript = "diff \"${PODS_PODFILE_DIR_PATH}/Podfile.lock\" \"${PODS_ROOT}/Manifest.lock\" > /dev/null\nif [ $? != 0 ] ; then\n    # print error to STDERR\n    echo \"error: The sandbox is not in sync with the Podfile.lock. Run 'pod install' or update your CocoaPods installation.\" >&2\n    exit 1\nfi\n# This output is used by Xcode 'outputs' to avoid re-running this script phase.\necho \"SUCCESS\" > \"${SCRIPT_OUTPUT_FILE_0}\"\n";
			showEnvVarsInLog = 0;
		};
		A3E772D6215AB5660019AB6D /* [CP] Embed Pods Frameworks */ = {
			isa = PBXShellScriptBuildPhase;
			buildActionMask = 2147483647;
			files = (
			);
			inputPaths = (
				"${SRCROOT}/Pods/Target Support Files/Pods-8:88/Pods-8:88-frameworks.sh",
				"${BUILT_PRODUCTS_DIR}/GoogleToolboxForMac/GoogleToolboxForMac.framework",
				"${BUILT_PRODUCTS_DIR}/TransitionAnimation/TransitionAnimation.framework",
				"${BUILT_PRODUCTS_DIR}/TransitionTreasury/TransitionTreasury.framework",
				"${BUILT_PRODUCTS_DIR}/nanopb/nanopb.framework",
			);
			name = "[CP] Embed Pods Frameworks";
			outputPaths = (
				"${TARGET_BUILD_DIR}/${FRAMEWORKS_FOLDER_PATH}/GoogleToolboxForMac.framework",
				"${TARGET_BUILD_DIR}/${FRAMEWORKS_FOLDER_PATH}/TransitionAnimation.framework",
				"${TARGET_BUILD_DIR}/${FRAMEWORKS_FOLDER_PATH}/TransitionTreasury.framework",
				"${TARGET_BUILD_DIR}/${FRAMEWORKS_FOLDER_PATH}/nanopb.framework",
			);
			runOnlyForDeploymentPostprocessing = 0;
			shellPath = /bin/sh;
			shellScript = "\"${SRCROOT}/Pods/Target Support Files/Pods-8:88/Pods-8:88-frameworks.sh\"\n";
			showEnvVarsInLog = 0;
		};
/* End PBXShellScriptBuildPhase section */

/* Begin PBXSourcesBuildPhase section */
		A3E772C8215AB5660019AB6D /* Sources */ = {
			isa = PBXSourcesBuildPhase;
			buildActionMask = 2147483647;
			files = (
				A3E772C9215AB5660019AB6D /* ViewController.swift in Sources */,
				A3F322A42163ECDE00407DD0 /* TimeIntervalExtension.swift in Sources */,
				A3E772CA215AB5660019AB6D /* SadVC.swift in Sources */,
				A3F3227A2162DAEA00407DD0 /* StringExtension.swift in Sources */,
				A3E772CB215AB5660019AB6D /* HappyVC.swift in Sources */,
				A3E772CC215AB5660019AB6D /* UIView+Autolayout.swift in Sources */,
				A3E772CD215AB5660019AB6D /* AppDelegate.swift in Sources */,
			);
			runOnlyForDeploymentPostprocessing = 0;
		};
/* End PBXSourcesBuildPhase section */

/* Begin PBXVariantGroup section */
		A3C1D2032146F67C00BEC14A /* Main.storyboard */ = {
			isa = PBXVariantGroup;
			children = (
				A3C1D2042146F67C00BEC14A /* Base */,
				A3F322B22167C50D00407DD0 /* es */,
			);
			name = Main.storyboard;
			sourceTree = "<group>";
		};
		A3C1D2082146F67E00BEC14A /* LaunchScreen.storyboard */ = {
			isa = PBXVariantGroup;
			children = (
				A3C1D2092146F67E00BEC14A /* Base */,
				A3F322B32167C50D00407DD0 /* es */,
			);
			name = LaunchScreen.storyboard;
			sourceTree = "<group>";
		};
		A3F322AF2167C4F400407DD0 /* Localizable.strings */ = {
			isa = PBXVariantGroup;
			children = (
				A3F322B02167C4F400407DD0 /* Base */,
				A3F322B62167D52600407DD0 /* en */,
				A3F322B72167D52E00407DD0 /* es */,
				A3F322B82168BE9400407DD0 /* de */,
				A3F322B92168BEEE00407DD0 /* zh-Hant */,
				A3F322BA2168BFBC00407DD0 /* fr */,
				A3F322BB2168BFE700407DD0 /* ru */,
			);
			name = Localizable.strings;
			sourceTree = "<group>";
		};
/* End PBXVariantGroup section */

/* Begin XCBuildConfiguration section */
		A3C1D20C2146F67E00BEC14A /* Debug */ = {
			isa = XCBuildConfiguration;
			buildSettings = {
				ALWAYS_SEARCH_USER_PATHS = NO;
				CLANG_ANALYZER_LOCALIZABILITY_NONLOCALIZED = YES;
				CLANG_ANALYZER_NONNULL = YES;
				CLANG_ANALYZER_NUMBER_OBJECT_CONVERSION = YES_AGGRESSIVE;
				CLANG_CXX_LANGUAGE_STANDARD = "gnu++14";
				CLANG_CXX_LIBRARY = "libc++";
				CLANG_ENABLE_MODULES = YES;
				CLANG_ENABLE_OBJC_ARC = YES;
				CLANG_ENABLE_OBJC_WEAK = YES;
				CLANG_WARN_BLOCK_CAPTURE_AUTORELEASING = YES;
				CLANG_WARN_BOOL_CONVERSION = YES;
				CLANG_WARN_COMMA = YES;
				CLANG_WARN_CONSTANT_CONVERSION = YES;
				CLANG_WARN_DEPRECATED_OBJC_IMPLEMENTATIONS = YES;
				CLANG_WARN_DIRECT_OBJC_ISA_USAGE = YES_ERROR;
				CLANG_WARN_DOCUMENTATION_COMMENTS = YES;
				CLANG_WARN_EMPTY_BODY = YES;
				CLANG_WARN_ENUM_CONVERSION = YES;
				CLANG_WARN_INFINITE_RECURSION = YES;
				CLANG_WARN_INT_CONVERSION = YES;
				CLANG_WARN_NON_LITERAL_NULL_CONVERSION = YES;
				CLANG_WARN_OBJC_IMPLICIT_RETAIN_SELF = YES;
				CLANG_WARN_OBJC_LITERAL_CONVERSION = YES;
				CLANG_WARN_OBJC_ROOT_CLASS = YES_ERROR;
				CLANG_WARN_RANGE_LOOP_ANALYSIS = YES;
				CLANG_WARN_STRICT_PROTOTYPES = YES;
				CLANG_WARN_SUSPICIOUS_MOVE = YES;
				CLANG_WARN_UNGUARDED_AVAILABILITY = YES_AGGRESSIVE;
				CLANG_WARN_UNREACHABLE_CODE = YES;
				CLANG_WARN__DUPLICATE_METHOD_MATCH = YES;
				CODE_SIGN_IDENTITY = "iPhone Developer";
				COPY_PHASE_STRIP = NO;
				DEBUG_INFORMATION_FORMAT = dwarf;
				ENABLE_STRICT_OBJC_MSGSEND = YES;
				ENABLE_TESTABILITY = YES;
				GCC_C_LANGUAGE_STANDARD = gnu11;
				GCC_DYNAMIC_NO_PIC = NO;
				GCC_NO_COMMON_BLOCKS = YES;
				GCC_OPTIMIZATION_LEVEL = 0;
				GCC_PREPROCESSOR_DEFINITIONS = (
					"DEBUG=1",
					"$(inherited)",
				);
				GCC_WARN_64_TO_32_BIT_CONVERSION = YES;
				GCC_WARN_ABOUT_RETURN_TYPE = YES_ERROR;
				GCC_WARN_UNDECLARED_SELECTOR = YES;
				GCC_WARN_UNINITIALIZED_AUTOS = YES_AGGRESSIVE;
				GCC_WARN_UNUSED_FUNCTION = YES;
				GCC_WARN_UNUSED_VARIABLE = YES;
				IPHONEOS_DEPLOYMENT_TARGET = 12.0;
				MTL_ENABLE_DEBUG_INFO = INCLUDE_SOURCE;
				ONLY_ACTIVE_ARCH = YES;
				SDKROOT = iphoneos;
				SWIFT_ACTIVE_COMPILATION_CONDITIONS = DEBUG;
				SWIFT_OPTIMIZATION_LEVEL = "-Onone";
			};
			name = Debug;
		};
		A3C1D20D2146F67E00BEC14A /* Release */ = {
			isa = XCBuildConfiguration;
			buildSettings = {
				ALWAYS_SEARCH_USER_PATHS = NO;
				CLANG_ANALYZER_LOCALIZABILITY_NONLOCALIZED = YES;
				CLANG_ANALYZER_NONNULL = YES;
				CLANG_ANALYZER_NUMBER_OBJECT_CONVERSION = YES_AGGRESSIVE;
				CLANG_CXX_LANGUAGE_STANDARD = "gnu++14";
				CLANG_CXX_LIBRARY = "libc++";
				CLANG_ENABLE_MODULES = YES;
				CLANG_ENABLE_OBJC_ARC = YES;
				CLANG_ENABLE_OBJC_WEAK = YES;
				CLANG_WARN_BLOCK_CAPTURE_AUTORELEASING = YES;
				CLANG_WARN_BOOL_CONVERSION = YES;
				CLANG_WARN_COMMA = YES;
				CLANG_WARN_CONSTANT_CONVERSION = YES;
				CLANG_WARN_DEPRECATED_OBJC_IMPLEMENTATIONS = YES;
				CLANG_WARN_DIRECT_OBJC_ISA_USAGE = YES_ERROR;
				CLANG_WARN_DOCUMENTATION_COMMENTS = YES;
				CLANG_WARN_EMPTY_BODY = YES;
				CLANG_WARN_ENUM_CONVERSION = YES;
				CLANG_WARN_INFINITE_RECURSION = YES;
				CLANG_WARN_INT_CONVERSION = YES;
				CLANG_WARN_NON_LITERAL_NULL_CONVERSION = YES;
				CLANG_WARN_OBJC_IMPLICIT_RETAIN_SELF = YES;
				CLANG_WARN_OBJC_LITERAL_CONVERSION = YES;
				CLANG_WARN_OBJC_ROOT_CLASS = YES_ERROR;
				CLANG_WARN_RANGE_LOOP_ANALYSIS = YES;
				CLANG_WARN_STRICT_PROTOTYPES = YES;
				CLANG_WARN_SUSPICIOUS_MOVE = YES;
				CLANG_WARN_UNGUARDED_AVAILABILITY = YES_AGGRESSIVE;
				CLANG_WARN_UNREACHABLE_CODE = YES;
				CLANG_WARN__DUPLICATE_METHOD_MATCH = YES;
				CODE_SIGN_IDENTITY = "iPhone Developer";
				COPY_PHASE_STRIP = NO;
				DEBUG_INFORMATION_FORMAT = "dwarf-with-dsym";
				ENABLE_NS_ASSERTIONS = NO;
				ENABLE_STRICT_OBJC_MSGSEND = YES;
				GCC_C_LANGUAGE_STANDARD = gnu11;
				GCC_NO_COMMON_BLOCKS = YES;
				GCC_WARN_64_TO_32_BIT_CONVERSION = YES;
				GCC_WARN_ABOUT_RETURN_TYPE = YES_ERROR;
				GCC_WARN_UNDECLARED_SELECTOR = YES;
				GCC_WARN_UNINITIALIZED_AUTOS = YES_AGGRESSIVE;
				GCC_WARN_UNUSED_FUNCTION = YES;
				GCC_WARN_UNUSED_VARIABLE = YES;
				IPHONEOS_DEPLOYMENT_TARGET = 12.0;
				MTL_ENABLE_DEBUG_INFO = NO;
				SDKROOT = iphoneos;
				SWIFT_COMPILATION_MODE = wholemodule;
				SWIFT_OPTIMIZATION_LEVEL = "-O";
				VALIDATE_PRODUCT = YES;
			};
			name = Release;
		};
		A3E772D8215AB5660019AB6D /* Debug */ = {
			isa = XCBuildConfiguration;
			baseConfigurationReference = 41431887E49C8DE7E1F6E6E7 /* Pods-8:88.debug.xcconfig */;
			buildSettings = {
				ASSETCATALOG_COMPILER_APPICON_NAME = AppIcon;
				CODE_SIGN_IDENTITY = "iPhone Developer";
				CODE_SIGN_STYLE = Automatic;
				CURRENT_PROJECT_VERSION = "$(CURRENT_PROJECT_VERSION)";
				DEVELOPMENT_TEAM = A894P23KUL;
				INFOPLIST_FILE = "8:88 copy-Info.plist";
				IPHONEOS_DEPLOYMENT_TARGET = 11.4;
				LD_RUNPATH_SEARCH_PATHS = (
					"$(inherited)",
					"@executable_path/Frameworks",
				);
				PRODUCT_BUNDLE_IDENTIFIER = com.funtastic.clock888;
				PRODUCT_NAME = "$(TARGET_NAME)";
				PROVISIONING_PROFILE_SPECIFIER = "";
				SWIFT_VERSION = 4.2;
				TARGETED_DEVICE_FAMILY = "1,2";
				VERSIONING_SYSTEM = "apple-generic";
			};
			name = Debug;
		};
		A3E772D9215AB5660019AB6D /* Release */ = {
			isa = XCBuildConfiguration;
			baseConfigurationReference = B51410BFD007C4BA7F55AE5D /* Pods-8:88.release.xcconfig */;
			buildSettings = {
				ASSETCATALOG_COMPILER_APPICON_NAME = AppIcon;
				CODE_SIGN_IDENTITY = "iPhone Developer";
				CODE_SIGN_STYLE = Automatic;
				CURRENT_PROJECT_VERSION = "$(CURRENT_PROJECT_VERSION)";
				DEVELOPMENT_TEAM = A894P23KUL;
				INFOPLIST_FILE = "8:88 copy-Info.plist";
				IPHONEOS_DEPLOYMENT_TARGET = 11.4;
				LD_RUNPATH_SEARCH_PATHS = (
					"$(inherited)",
					"@executable_path/Frameworks",
				);
				PRODUCT_BUNDLE_IDENTIFIER = com.funtastic.clock888;
				PRODUCT_NAME = "$(TARGET_NAME)";
				PROVISIONING_PROFILE_SPECIFIER = "";
				SWIFT_VERSION = 4.2;
				TARGETED_DEVICE_FAMILY = "1,2";
				VERSIONING_SYSTEM = "apple-generic";
			};
			name = Release;
		};
/* End XCBuildConfiguration section */

/* Begin XCConfigurationList section */
		A3C1D1F72146F67B00BEC14A /* Build configuration list for PBXProject "clock888" */ = {
			isa = XCConfigurationList;
			buildConfigurations = (
				A3C1D20C2146F67E00BEC14A /* Debug */,
				A3C1D20D2146F67E00BEC14A /* Release */,
			);
			defaultConfigurationIsVisible = 0;
			defaultConfigurationName = Release;
		};
		A3E772D7215AB5660019AB6D /* Build configuration list for PBXNativeTarget "8:88" */ = {
			isa = XCConfigurationList;
			buildConfigurations = (
				A3E772D8215AB5660019AB6D /* Debug */,
				A3E772D9215AB5660019AB6D /* Release */,
			);
			defaultConfigurationIsVisible = 0;
			defaultConfigurationName = Release;
		};
/* End XCConfigurationList section */
	};
	rootObject = A3C1D1F42146F67B00BEC14A /* Project object */;
}
